
Microsoft Visual Studio Solution File, Format Version 12.00
# Visual Studio Version 16
VisualStudioVersion = 16.0.29613.14
MinimumVisualStudioVersion = 10.0.40219.1
Project("{FAE04EC0-301F-11D3-BF4B-00C04F79EFBC}") = "Task2 mdk 01.02", "Task2 mdk 01.02\Task2 mdk 01.02.csproj", "{D80BC68D-C31E-414C-886F-CF30B1633406}"
EndProject
Project("{FAE04EC0-301F-11D3-BF4B-00C04F79EFBC}") = "TaskLib", "TaskLib\TaskLib.csproj", "{9CA09082-9D1E-4B27-96C5-7C82BC1DB4D2}"
EndProject
Project("{FAE04EC0-301F-11D3-BF4B-00C04F79EFBC}") = "UnitTest1", "UnitTest1\UnitTest1.csproj", "{5E1A141A-8AE4-4ED8-ADBE-BC5ED2CD86B7}"
EndProject
Global
	GlobalSection(SolutionConfigurationPlatforms) = preSolution
		Debug|Any CPU = Debug|Any CPU
		Release|Any CPU = Release|Any CPU
	EndGlobalSection
	GlobalSection(ProjectConfigurationPlatforms) = postSolution
		{D80BC68D-C31E-414C-886F-CF30B1633406}.Debug|Any CPU.ActiveCfg = Debug|Any CPU
		{D80BC68D-C31E-414C-886F-CF30B1633406}.Debug|Any CPU.Build.0 = Debug|Any CPU
		{D80BC68D-C31E-414C-886F-CF30B1633406}.Release|Any CPU.ActiveCfg = Release|Any CPU
		{D80BC68D-C31E-414C-886F-CF30B1633406}.Release|Any CPU.Build.0 = Release|Any CPU
		{9CA09082-9D1E-4B27-96C5-7C82BC1DB4D2}.Debug|Any CPU.ActiveCfg = Debug|Any CPU
		{9CA09082-9D1E-4B27-96C5-7C82BC1DB4D2}.Debug|Any CPU.Build.0 = Debug|Any CPU
		{9CA09082-9D1E-4B27-96C5-7C82BC1DB4D2}.Release|Any CPU.ActiveCfg = Release|Any CPU
		{9CA09082-9D1E-4B27-96C5-7C82BC1DB4D2}.Release|Any CPU.Build.0 = Release|Any CPU
		{5E1A141A-8AE4-4ED8-ADBE-BC5ED2CD86B7}.Debug|Any CPU.ActiveCfg = Debug|Any CPU
		{5E1A141A-8AE4-4ED8-ADBE-BC5ED2CD86B7}.Debug|Any CPU.Build.0 = Debug|Any CPU
		{5E1A141A-8AE4-4ED8-ADBE-BC5ED2CD86B7}.Release|Any CPU.ActiveCfg = Release|Any CPU
		{5E1A141A-8AE4-4ED8-ADBE-BC5ED2CD86B7}.Release|Any CPU.Build.0 = Release|Any CPU
	EndGlobalSection
	GlobalSection(SolutionProperties) = preSolution
		HideSolutionNode = FALSE
	EndGlobalSection
	GlobalSection(ExtensibilityGlobals) = postSolution
		SolutionGuid = {505B5876-8DC9-427B-8AFC-919DE889C550}
	EndGlobalSection
EndGlobal
